
Microsoft Visual Studio Solution File, Format Version 12.00
# Visual Studio Version 16
VisualStudioVersion = 16.0.30114.105
MinimumVisualStudioVersion = 10.0.40219.1
Project("{FAE04EC0-301F-11D3-BF4B-00C04F79EFBC}") = "TgBotFramework.Stages", "src\TgBotFramework.Stages.csproj", "{0C3206E9-D498-4097-920D-A87C85DD7393}"
EndProject
Project("{FAE04EC0-301F-11D3-BF4B-00C04F79EFBC}") = "TgBotFramework.Stages.Tests", "tests\TgBotFramework.Stages.Tests\TgBotFramework.Stages.Tests.csproj", "{FB4A6605-4374-4D06-97D1-5D61C158F542}"
EndProject
Global
	GlobalSection(SolutionConfigurationPlatforms) = preSolution
		Debug|Any CPU = Debug|Any CPU
		Release|Any CPU = Release|Any CPU
	EndGlobalSection
	GlobalSection(SolutionProperties) = preSolution
		HideSolutionNode = FALSE
	EndGlobalSection
	GlobalSection(ProjectConfigurationPlatforms) = postSolution
		{0C3206E9-D498-4097-920D-A87C85DD7393}.Debug|Any CPU.ActiveCfg = Debug|Any CPU
		{0C3206E9-D498-4097-920D-A87C85DD7393}.Debug|Any CPU.Build.0 = Debug|Any CPU
		{0C3206E9-D498-4097-920D-A87C85DD7393}.Release|Any CPU.ActiveCfg = Release|Any CPU
		{0C3206E9-D498-4097-920D-A87C85DD7393}.Release|Any CPU.Build.0 = Release|Any CPU
		{FB4A6605-4374-4D06-97D1-5D61C158F542}.Debug|Any CPU.ActiveCfg = Debug|Any CPU
		{FB4A6605-4374-4D06-97D1-5D61C158F542}.Debug|Any CPU.Build.0 = Debug|Any CPU
		{FB4A6605-4374-4D06-97D1-5D61C158F542}.Release|Any CPU.ActiveCfg = Release|Any CPU
		{FB4A6605-4374-4D06-97D1-5D61C158F542}.Release|Any CPU.Build.0 = Release|Any CPU
	EndGlobalSection
EndGlobal
